<?xml version="1.0" encoding="utf-8"?>
<Project ToolsVersion="4.0" xmlns="http://schemas.microsoft.com/developer/msbuild/2003">
  <ItemGroup>
    <Filter Include="Исходные файлы">
      <UniqueIdentifier>{4FC737F1-C7A5-4376-A066-2A32D752A2FF}</UniqueIdentifier>
      <Extensions>cpp;c;cc;cxx;c++;cppm;ixx;def;odl;idl;hpj;bat;asm;asmx</Extensions>
    </Filter>
    <Filter Include="Файлы заголовков">
      <UniqueIdentifier>{93995380-89BD-4b04-88EB-625FBE52EBFB}</UniqueIdentifier>
      <Extensions>h;hh;hpp;hxx;h++;hm;inl;inc;ipp;xsd</Extensions>
    </Filter>
    <Filter Include="Файлы ресурсов">
      <UniqueIdentifier>{67DA6AB6-F800-4c08-8B7A-83BB121AAD01}</UniqueIdentifier>
      <Extensions>rc;ico;cur;bmp;dlg;rc2;rct;bin;rgs;gif;jpg;jpeg;jpe;resx;tiff;tif;png;wav;mfcribbon-ms</Extensions>
    </Filter>
    <Filter Include="Headers">
      <UniqueIdentifier>{41ce4082-23a5-4f08-acbf-82d532ed9f7b}</UniqueIdentifier>
    </Filter>
    <Filter Include="Entities">
      <UniqueIdentifier>{e0d0630a-cd7e-47cf-bc3b-51e25c63a1a3}</UniqueIdentifier>
    </Filter>
    <Filter Include="File">
      <UniqueIdentifier>{bc916416-8169-418e-a2e7-98b082404726}</UniqueIdentifier>
    </Filter>
    <Filter Include="Tree">
      <UniqueIdentifier>{9c86156e-8185-4c01-9316-4f315168909e}</UniqueIdentifier>
    </Filter>
    <Filter Include="Menu">
      <UniqueIdentifier>{21967987-278d-4d8b-b722-1a35da71b31a}</UniqueIdentifier>
    </Filter>
  </ItemGroup>
  <ItemGroup>
    <ClCompile Include="Source.cpp">
      <Filter>Исходные файлы</Filter>
    </ClCompile>
    <ClCompile Include="CCustomer.cpp">
      <Filter>Entities</Filter>
    </ClCompile>
    <ClCompile Include="CFund.cpp">
      <Filter>Entities</Filter>
    </ClCompile>
    <ClCompile Include="CDate.cpp">
      <Filter>Entities</Filter>
    </ClCompile>
    <ClCompile Include="CTree.cpp">
      <Filter>Tree</Filter>
    </ClCompile>
  </ItemGroup>
  <ItemGroup>
    <Text Include="Data\Customer.txt">
      <Filter>Файлы ресурсов</Filter>
    </Text>
    <Text Include="Data\Fund.txt">
      <Filter>Файлы ресурсов</Filter>
    </Text>
  </ItemGroup>
  <ItemGroup>
    <ClInclude Include="stdafx.h">
      <Filter>Headers</Filter>
    </ClInclude>
    <ClInclude Include="CConsole.h">
      <Filter>Headers</Filter>
    </ClInclude>
    <ClInclude Include="CCompare.h">
      <Filter>Файлы заголовков</Filter>
    </ClInclude>
    <ClInclude Include="CCustomer.h">
      <Filter>Entities</Filter>
    </ClInclude>
    <ClInclude Include="CFund.h">
      <Filter>Entities</Filter>
    </ClInclude>
    <ClInclude Include="CDate.h">
      <Filter>Entities</Filter>
    </ClInclude>
    <ClInclude Include="CFile.h">
      <Filter>File</Filter>
    </ClInclude>
    <ClInclude Include="CBinaryFileIO.h">
      <Filter>File</Filter>
    </ClInclude>
    <ClInclude Include="CFileIO.h">
      <Filter>File</Filter>
    </ClInclude>
    <ClInclude Include="CTree.h">
      <Filter>Tree</Filter>
    </ClInclude>
    <ClInclude Include="IFile.h">
      <Filter>File</Filter>
    </ClInclude>
    <ClInclude Include="CMenuItem.h">
      <Filter>Menu</Filter>
    </ClInclude>
    <ClInclude Include="FilePath.h">
      <Filter>File</Filter>
    </ClInclude>
    <ClInclude Include="FileName.h">
      <Filter>File</Filter>
    </ClInclude>
    <ClInclude Include="Data\Header.h">
      <Filter>Файлы заголовков</Filter>
    </ClInclude>
  </ItemGroup>
  <ItemGroup>
    <None Include="Data\Customer.bin">
      <Filter>Файлы ресурсов</Filter>
    </None>
    <None Include="Data\Fund.bin">
      <Filter>Файлы ресурсов</Filter>
    </None>
  </ItemGroup>
</Project>